// !$*UTF8*$!
{
	archiveVersion = 1;
	classes = {
	};
	objectVersion = 50;
	objects = {

/* Begin PBXBuildFile section */
		5B92E6B2212FBC5800812E4F /* AppDelegate.swift in Sources */ = {isa = PBXBuildFile; fileRef = 5B92E6B1212FBC5800812E4F /* AppDelegate.swift */; };
		5B92E6B4212FBC5800812E4F /* ViewController.swift in Sources */ = {isa = PBXBuildFile; fileRef = 5B92E6B3212FBC5800812E4F /* ViewController.swift */; };
		5B92E6B7212FBC5800812E4F /* Main.storyboard in Resources */ = {isa = PBXBuildFile; fileRef = 5B92E6B5212FBC5800812E4F /* Main.storyboard */; };
		5B92E6B9212FBC5900812E4F /* Assets.xcassets in Resources */ = {isa = PBXBuildFile; fileRef = 5B92E6B8212FBC5900812E4F /* Assets.xcassets */; };
		5B92E6BC212FBC5900812E4F /* LaunchScreen.storyboard in Resources */ = {isa = PBXBuildFile; fileRef = 5B92E6BA212FBC5900812E4F /* LaunchScreen.storyboard */; };
		5B92E6C4212FBCED00812E4F /* Resource.bundle in Resources */ = {isa = PBXBuildFile; fileRef = 5B92E6C3212FBCED00812E4F /* Resource.bundle */; };
		5B92E6C7212FD02600812E4F /* TipsItem.swift in Sources */ = {isa = PBXBuildFile; fileRef = 5B92E6C6212FD02600812E4F /* TipsItem.swift */; };
		5B92E6C9212FDB2900812E4F /* json.json in Resources */ = {isa = PBXBuildFile; fileRef = 5B92E6C8212FDB2900812E4F /* json.json */; };
		5B92E6CB212FDB6A00812E4F /* Untils.swift in Sources */ = {isa = PBXBuildFile; fileRef = 5B92E6CA212FDB6A00812E4F /* Untils.swift */; };
		5B9D0B5C21368B9400E0224B /* Test.swift in Sources */ = {isa = PBXBuildFile; fileRef = 5B9D0B5B21368B9400E0224B /* Test.swift */; };
		5BB44F342135018A004E4B85 /* DetailViewController.swift in Sources */ = {isa = PBXBuildFile; fileRef = 5BB44F332135018A004E4B85 /* DetailViewController.swift */; };
		F005138181787D03CF1F3254 /* Pods_SwifterTips.framework in Frameworks */ = {isa = PBXBuildFile; fileRef = 1A0F3BF0BD4B8A6B14A076F2 /* Pods_SwifterTips.framework */; };
/* End PBXBuildFile section */

/* Begin PBXFileReference section */
		1A0F3BF0BD4B8A6B14A076F2 /* Pods_SwifterTips.framework */ = {isa = PBXFileReference; explicitFileType = wrapper.framework; includeInIndex = 0; path = Pods_SwifterTips.framework; sourceTree = BUILT_PRODUCTS_DIR; };
		29F601C94738B91F85C5650D /* Pods-SwifterTips.release.xcconfig */ = {isa = PBXFileReference; includeInIndex = 1; lastKnownFileType = text.xcconfig; name = "Pods-SwifterTips.release.xcconfig"; path = "Pods/Target Support Files/Pods-SwifterTips/Pods-SwifterTips.release.xcconfig"; sourceTree = "<group>"; };
		554E4638CFE5DA13527F2D23 /* Pods-SwifterTips.debug.xcconfig */ = {isa = PBXFileReference; includeInIndex = 1; lastKnownFileType = text.xcconfig; name = "Pods-SwifterTips.debug.xcconfig"; path = "Pods/Target Support Files/Pods-SwifterTips/Pods-SwifterTips.debug.xcconfig"; sourceTree = "<group>"; };
		5B92E6AE212FBC5800812E4F /* SwifterTips.app */ = {isa = PBXFileReference; explicitFileType = wrapper.application; includeInIndex = 0; path = SwifterTips.app; sourceTree = BUILT_PRODUCTS_DIR; };
		5B92E6B1212FBC5800812E4F /* AppDelegate.swift */ = {isa = PBXFileReference; lastKnownFileType = sourcecode.swift; path = AppDelegate.swift; sourceTree = "<group>"; };
		5B92E6B3212FBC5800812E4F /* ViewController.swift */ = {isa = PBXFileReference; lastKnownFileType = sourcecode.swift; path = ViewController.swift; sourceTree = "<group>"; };
		5B92E6B6212FBC5800812E4F /* Base */ = {isa = PBXFileReference; lastKnownFileType = file.storyboard; name = Base; path = Base.lproj/Main.storyboard; sourceTree = "<group>"; };
		5B92E6B8212FBC5900812E4F /* Assets.xcassets */ = {isa = PBXFileReference; lastKnownFileType = folder.assetcatalog; path = Assets.xcassets; sourceTree = "<group>"; };
		5B92E6BB212FBC5900812E4F /* Base */ = {isa = PBXFileReference; lastKnownFileType = file.storyboard; name = Base; path = Base.lproj/LaunchScreen.storyboard; sourceTree = "<group>"; };
		5B92E6BD212FBC5900812E4F /* Info.plist */ = {isa = PBXFileReference; lastKnownFileType = text.plist.xml; path = Info.plist; sourceTree = "<group>"; };
		5B92E6C3212FBCED00812E4F /* Resource.bundle */ = {isa = PBXFileReference; lastKnownFileType = "wrapper.plug-in"; path = Resource.bundle; sourceTree = "<group>"; };
		5B92E6C6212FD02600812E4F /* TipsItem.swift */ = {isa = PBXFileReference; lastKnownFileType = sourcecode.swift; path = TipsItem.swift; sourceTree = "<group>"; };
		5B92E6C8212FDB2900812E4F /* json.json */ = {isa = PBXFileReference; lastKnownFileType = text.json; path = json.json; sourceTree = "<group>"; };
		5B92E6CA212FDB6A00812E4F /* Untils.swift */ = {isa = PBXFileReference; lastKnownFileType = sourcecode.swift; path = Untils.swift; sourceTree = "<group>"; };
		5B9D0B5B21368B9400E0224B /* Test.swift */ = {isa = PBXFileReference; lastKnownFileType = sourcecode.swift; path = Test.swift; sourceTree = "<group>"; };
		5BB44F332135018A004E4B85 /* DetailViewController.swift */ = {isa = PBXFileReference; lastKnownFileType = sourcecode.swift; path = DetailViewController.swift; sourceTree = "<group>"; };
/* End PBXFileReference section */

/* Begin PBXFrameworksBuildPhase section */
		5B92E6AB212FBC5800812E4F /* Frameworks */ = {
			isa = PBXFrameworksBuildPhase;
			buildActionMask = 2147483647;
			files = (
				F005138181787D03CF1F3254 /* Pods_SwifterTips.framework in Frameworks */,
			);
			runOnlyForDeploymentPostprocessing = 0;
		};
/* End PBXFrameworksBuildPhase section */

/* Begin PBXGroup section */
		5B92E6A5212FBC5800812E4F = {
			isa = PBXGroup;
			children = (
				5B92E6B0212FBC5800812E4F /* SwifterTips */,
				5B92E6AF212FBC5800812E4F /* Products */,
				769BB2B1FEB88F1A66A3BA3A /* Pods */,
				A188D8DC0BD17AC80384E383 /* Frameworks */,
			);
			sourceTree = "<group>";
		};
		5B92E6AF212FBC5800812E4F /* Products */ = {
			isa = PBXGroup;
			children = (
				5B92E6AE212FBC5800812E4F /* SwifterTips.app */,
			);
			name = Products;
			sourceTree = "<group>";
		};
		5B92E6B0212FBC5800812E4F /* SwifterTips */ = {
			isa = PBXGroup;
			children = (
				5B9D0B5B21368B9400E0224B /* Test.swift */,
				5B92E6B1212FBC5800812E4F /* AppDelegate.swift */,
				5B92E6C6212FD02600812E4F /* TipsItem.swift */,
				5B92E6B3212FBC5800812E4F /* ViewController.swift */,
				5BB44F332135018A004E4B85 /* DetailViewController.swift */,
				5B92E6CA212FDB6A00812E4F /* Untils.swift */,
				5B92E6B5212FBC5800812E4F /* Main.storyboard */,
				5B92E6C5212FBCF800812E4F /* Resource */,
			);
			path = SwifterTips;
			sourceTree = "<group>";
		};
		5B92E6C5212FBCF800812E4F /* Resource */ = {
			isa = PBXGroup;
			children = (
				5B92E6C8212FDB2900812E4F /* json.json */,
				5B92E6C3212FBCED00812E4F /* Resource.bundle */,
				5B92E6B8212FBC5900812E4F /* Assets.xcassets */,
				5B92E6BD212FBC5900812E4F /* Info.plist */,
				5B92E6BA212FBC5900812E4F /* LaunchScreen.storyboard */,
			);
			path = Resource;
			sourceTree = "<group>";
		};
		769BB2B1FEB88F1A66A3BA3A /* Pods */ = {
			isa = PBXGroup;
			children = (
				554E4638CFE5DA13527F2D23 /* Pods-SwifterTips.debug.xcconfig */,
				29F601C94738B91F85C5650D /* Pods-SwifterTips.release.xcconfig */,
			);
			name = Pods;
			sourceTree = "<group>";
		};
		A188D8DC0BD17AC80384E383 /* Frameworks */ = {
			isa = PBXGroup;
			children = (
				1A0F3BF0BD4B8A6B14A076F2 /* Pods_SwifterTips.framework */,
			);
			name = Frameworks;
			sourceTree = "<group>";
		};
/* End PBXGroup section */

/* Begin PBXNativeTarget section */
		5B92E6AD212FBC5800812E4F /* SwifterTips */ = {
			isa = PBXNativeTarget;
			buildConfigurationList = 5B92E6C0212FBC5900812E4F /* Build configuration list for PBXNativeTarget "SwifterTips" */;
			buildPhases = (
				7AA501E07ED24AEFB617D412 /* [CP] Check Pods Manifest.lock */,
				5B92E6AA212FBC5800812E4F /* Sources */,
				5B92E6AB212FBC5800812E4F /* Frameworks */,
				5B92E6AC212FBC5800812E4F /* Resources */,
				F2CFA79C898619A9AA2A2F4F /* [CP] Embed Pods Frameworks */,
			);
			buildRules = (
			);
			dependencies = (
			);
			name = SwifterTips;
			productName = SwifterTips;
			productReference = 5B92E6AE212FBC5800812E4F /* SwifterTips.app */;
			productType = "com.apple.product-type.application";
		};
/* End PBXNativeTarget section */

/* Begin PBXProject section */
		5B92E6A6212FBC5800812E4F /* Project object */ = {
			isa = PBXProject;
			attributes = {
				LastSwiftUpdateCheck = 0940;
				LastUpgradeCheck = 0940;
				ORGANIZATIONNAME = Kuroky;
				TargetAttributes = {
					5B92E6AD212FBC5800812E4F = {
						CreatedOnToolsVersion = 9.4.1;
					};
				};
			};
			buildConfigurationList = 5B92E6A9212FBC5800812E4F /* Build configuration list for PBXProject "SwifterTips" */;
			compatibilityVersion = "Xcode 9.3";
			developmentRegion = en;
			hasScannedForEncodings = 0;
			knownRegions = (
				en,
				Base,
			);
			mainGroup = 5B92E6A5212FBC5800812E4F;
			productRefGroup = 5B92E6AF212FBC5800812E4F /* Products */;
			projectDirPath = "";
			projectRoot = "";
			targets = (
				5B92E6AD212FBC5800812E4F /* SwifterTips */,
			);
		};
/* End PBXProject section */

/* Begin PBXResourcesBuildPhase section */
		5B92E6AC212FBC5800812E4F /* Resources */ = {
			isa = PBXResourcesBuildPhase;
			buildActionMask = 2147483647;
			files = (
				5B92E6C9212FDB2900812E4F /* json.json in Resources */,
				5B92E6BC212FBC5900812E4F /* LaunchScreen.storyboard in Resources */,
				5B92E6B9212FBC5900812E4F /* Assets.xcassets in Resources */,
				5B92E6B7212FBC5800812E4F /* Main.storyboard in Resources */,
				5B92E6C4212FBCED00812E4F /* Resource.bundle in Resources */,
			);
			runOnlyForDeploymentPostprocessing = 0;
		};
/* End PBXResourcesBuildPhase section */

/* Begin PBXShellScriptBuildPhase section */
		7AA501E07ED24AEFB617D412 /* [CP] Check Pods Manifest.lock */ = {
			isa = PBXShellScriptBuildPhase;
			buildActionMask = 2147483647;
			files = (
			);
			inputPaths = (
				"${PODS_PODFILE_DIR_PATH}/Podfile.lock",
				"${PODS_ROOT}/Manifest.lock",
			);
			name = "[CP] Check Pods Manifest.lock";
			outputPaths = (
				"$(DERIVED_FILE_DIR)/Pods-SwifterTips-checkManifestLockResult.txt",
			);
			runOnlyForDeploymentPostprocessing = 0;
			shellPath = /bin/sh;
			shellScript = "diff \"${PODS_PODFILE_DIR_PATH}/Podfile.lock\" \"${PODS_ROOT}/Manifest.lock\" > /dev/null\nif [ $? != 0 ] ; then\n    # print error to STDERR\n    echo \"error: The sandbox is not in sync with the Podfile.lock. Run 'pod install' or update your CocoaPods installation.\" >&2\n    exit 1\nfi\n# This output is used by Xcode 'outputs' to avoid re-running this script phase.\necho \"SUCCESS\" > \"${SCRIPT_OUTPUT_FILE_0}\"\n";
			showEnvVarsInLog = 0;
		};
		F2CFA79C898619A9AA2A2F4F /* [CP] Embed Pods Frameworks */ = {
			isa = PBXShellScriptBuildPhase;
			buildActionMask = 2147483647;
			files = (
			);
			inputPaths = (
				"${SRCROOT}/Pods/Target Support Files/Pods-SwifterTips/Pods-SwifterTips-frameworks.sh",
				"${BUILT_PRODUCTS_DIR}/Down/Down.framework",
			);
			name = "[CP] Embed Pods Frameworks";
			outputPaths = (
				"${TARGET_BUILD_DIR}/${FRAMEWORKS_FOLDER_PATH}/Down.framework",
			);
			runOnlyForDeploymentPostprocessing = 0;
			shellPath = /bin/sh;
			shellScript = "\"${SRCROOT}/Pods/Target Support Files/Pods-SwifterTips/Pods-SwifterTips-frameworks.sh\"\n";
			showEnvVarsInLog = 0;
		};
/* End PBXShellScriptBuildPhase section */

/* Begin PBXSourcesBuildPhase section */
		5B92E6AA212FBC5800812E4F /* Sources */ = {
			isa = PBXSourcesBuildPhase;
			buildActionMask = 2147483647;
			files = (
				5B92E6B4212FBC5800812E4F /* ViewController.swift in Sources */,
				5B92E6C7212FD02600812E4F /* TipsItem.swift in Sources */,
				5BB44F342135018A004E4B85 /* DetailViewController.swift in Sources */,
				5B92E6CB212FDB6A00812E4F /* Untils.swift in Sources */,
				5B92E6B2212FBC5800812E4F /* AppDelegate.swift in Sources */,
				5B9D0B5C21368B9400E0224B /* Test.swift in Sources */,
			);
			runOnlyForDeploymentPostprocessing = 0;
		};
/* End PBXSourcesBuildPhase section */

/* Begin PBXVariantGroup section */
		5B92E6B5212FBC5800812E4F /* Main.storyboard */ = {
			isa = PBXVariantGroup;
			children = (
				5B92E6B6212FBC5800812E4F /* Base */,
			);
			name = Main.storyboard;
			sourceTree = "<group>";
		};
		5B92E6BA212FBC5900812E4F /* LaunchScreen.storyboard */ = {
			isa = PBXVariantGroup;
			children = (
				5B92E6BB212FBC5900812E4F /* Base */,
			);
			name = LaunchScreen.storyboard;
			sourceTree = "<group>";
		};
/* End PBXVariantGroup section */

/* Begin XCBuildConfiguration section */
		5B92E6BE212FBC5900812E4F /* Debug */ = {
			isa = XCBuildConfiguration;
			buildSettings = {
				ALWAYS_SEARCH_USER_PATHS = NO;
				CLANG_ANALYZER_NONNULL = YES;
				CLANG_ANALYZER_NUMBER_OBJECT_CONVERSION = YES_AGGRESSIVE;
				CLANG_CXX_LANGUAGE_STANDARD = "gnu++14";
				CLANG_CXX_LIBRARY = "libc++";
				CLANG_ENABLE_MODULES = YES;
				CLANG_ENABLE_OBJC_ARC = YES;
				CLANG_ENABLE_OBJC_WEAK = YES;
				CLANG_WARN_BLOCK_CAPTURE_AUTORELEASING = YES;
				CLANG_WARN_BOOL_CONVERSION = YES;
				CLANG_WARN_COMMA = YES;
				CLANG_WARN_CONSTANT_CONVERSION = YES;
				CLANG_WARN_DEPRECATED_OBJC_IMPLEMENTATIONS = YES;
				CLANG_WARN_DIRECT_OBJC_ISA_USAGE = YES_ERROR;
				CLANG_WARN_DOCUMENTATION_COMMENTS = YES;
				CLANG_WARN_EMPTY_BODY = YES;
				CLANG_WARN_ENUM_CONVERSION = YES;
				CLANG_WARN_INFINITE_RECURSION = YES;
				CLANG_WARN_INT_CONVERSION = YES;
				CLANG_WARN_NON_LITERAL_NULL_CONVERSION = YES;
				CLANG_WARN_OBJC_IMPLICIT_RETAIN_SELF = YES;
				CLANG_WARN_OBJC_LITERAL_CONVERSION = YES;
				CLANG_WARN_OBJC_ROOT_CLASS = YES_ERROR;
				CLANG_WARN_RANGE_LOOP_ANALYSIS = YES;
				CLANG_WARN_STRICT_PROTOTYPES = YES;
				CLANG_WARN_SUSPICIOUS_MOVE = YES;
				CLANG_WARN_UNGUARDED_AVAILABILITY = YES_AGGRESSIVE;
				CLANG_WARN_UNREACHABLE_CODE = YES;
				CLANG_WARN__DUPLICATE_METHOD_MATCH = YES;
				CODE_SIGN_IDENTITY = "iPhone Developer";
				COPY_PHASE_STRIP = NO;
				DEBUG_INFORMATION_FORMAT = dwarf;
				ENABLE_STRICT_OBJC_MSGSEND = YES;
				ENABLE_TESTABILITY = YES;
				GCC_C_LANGUAGE_STANDARD = gnu11;
				GCC_DYNAMIC_NO_PIC = NO;
				GCC_NO_COMMON_BLOCKS = YES;
				GCC_OPTIMIZATION_LEVEL = 0;
				GCC_PREPROCESSOR_DEFINITIONS = (
					"DEBUG=1",
					"$(inherited)",
				);
				GCC_WARN_64_TO_32_BIT_CONVERSION = YES;
				GCC_WARN_ABOUT_RETURN_TYPE = YES_ERROR;
				GCC_WARN_UNDECLARED_SELECTOR = YES;
				GCC_WARN_UNINITIALIZED_AUTOS = YES_AGGRESSIVE;
				GCC_WARN_UNUSED_FUNCTION = YES;
				GCC_WARN_UNUSED_VARIABLE = YES;
				IPHONEOS_DEPLOYMENT_TARGET = 11.4;
				MTL_ENABLE_DEBUG_INFO = YES;
				ONLY_ACTIVE_ARCH = YES;
				SDKROOT = iphoneos;
				SWIFT_ACTIVE_COMPILATION_CONDITIONS = DEBUG;
				SWIFT_OPTIMIZATION_LEVEL = "-Onone";
			};
			name = Debug;
		};
		5B92E6BF212FBC5900812E4F /* Release */ = {
			isa = XCBuildConfiguration;
			buildSettings = {
				ALWAYS_SEARCH_USER_PATHS = NO;
				CLANG_ANALYZER_NONNULL = YES;
				CLANG_ANALYZER_NUMBER_OBJECT_CONVERSION = YES_AGGRESSIVE;
				CLANG_CXX_LANGUAGE_STANDARD = "gnu++14";
				CLANG_CXX_LIBRARY = "libc++";
				CLANG_ENABLE_MODULES = YES;
				CLANG_ENABLE_OBJC_ARC = YES;
				CLANG_ENABLE_OBJC_WEAK = YES;
				CLANG_WARN_BLOCK_CAPTURE_AUTORELEASING = YES;
				CLANG_WARN_BOOL_CONVERSION = YES;
				CLANG_WARN_COMMA = YES;
				CLANG_WARN_CONSTANT_CONVERSION = YES;
				CLANG_WARN_DEPRECATED_OBJC_IMPLEMENTATIONS = YES;
				CLANG_WARN_DIRECT_OBJC_ISA_USAGE = YES_ERROR;
				CLANG_WARN_DOCUMENTATION_COMMENTS = YES;
				CLANG_WARN_EMPTY_BODY = YES;
				CLANG_WARN_ENUM_CONVERSION = YES;
				CLANG_WARN_INFINITE_RECURSION = YES;
				CLANG_WARN_INT_CONVERSION = YES;
				CLANG_WARN_NON_LITERAL_NULL_CONVERSION = YES;
				CLANG_WARN_OBJC_IMPLICIT_RETAIN_SELF = YES;
				CLANG_WARN_OBJC_LITERAL_CONVERSION = YES;
				CLANG_WARN_OBJC_ROOT_CLASS = YES_ERROR;
				CLANG_WARN_RANGE_LOOP_ANALYSIS = YES;
				CLANG_WARN_STRICT_PROTOTYPES = YES;
				CLANG_WARN_SUSPICIOUS_MOVE = YES;
				CLANG_WARN_UNGUARDED_AVAILABILITY = YES_AGGRESSIVE;
				CLANG_WARN_UNREACHABLE_CODE = YES;
				CLANG_WARN__DUPLICATE_METHOD_MATCH = YES;
				CODE_SIGN_IDENTITY = "iPhone Developer";
				COPY_PHASE_STRIP = NO;
				DEBUG_INFORMATION_FORMAT = "dwarf-with-dsym";
				ENABLE_NS_ASSERTIONS = NO;
				ENABLE_STRICT_OBJC_MSGSEND = YES;
				GCC_C_LANGUAGE_STANDARD = gnu11;
				GCC_NO_COMMON_BLOCKS = YES;
				GCC_WARN_64_TO_32_BIT_CONVERSION = YES;
				GCC_WARN_ABOUT_RETURN_TYPE = YES_ERROR;
				GCC_WARN_UNDECLARED_SELECTOR = YES;
				GCC_WARN_UNINITIALIZED_AUTOS = YES_AGGRESSIVE;
				GCC_WARN_UNUSED_FUNCTION = YES;
				GCC_WARN_UNUSED_VARIABLE = YES;
				IPHONEOS_DEPLOYMENT_TARGET = 11.4;
				MTL_ENABLE_DEBUG_INFO = NO;
				SDKROOT = iphoneos;
				SWIFT_COMPILATION_MODE = wholemodule;
				SWIFT_OPTIMIZATION_LEVEL = "-O";
				VALIDATE_PRODUCT = YES;
			};
			name = Release;
		};
		5B92E6C1212FBC5900812E4F /* Debug */ = {
			isa = XCBuildConfiguration;
			baseConfigurationReference = 554E4638CFE5DA13527F2D23 /* Pods-SwifterTips.debug.xcconfig */;
			buildSettings = {
				ASSETCATALOG_COMPILER_APPICON_NAME = AppIcon;
				CODE_SIGN_STYLE = Automatic;
				DEVELOPMENT_TEAM = DCBW8CKASN;
				INFOPLIST_FILE = "$(SRCROOT)/SwifterTips/Resource/Info.plist";
				LD_RUNPATH_SEARCH_PATHS = (
					"$(inherited)",
					"@executable_path/Frameworks",
				);
				PRODUCT_BUNDLE_IDENTIFIER = com.kuroky.SwifterTips;
				PRODUCT_NAME = "$(TARGET_NAME)";
				SWIFT_VERSION = 4.0;
				TARGETED_DEVICE_FAMILY = "1,2";
			};
			name = Debug;
		};
		5B92E6C2212FBC5900812E4F /* Release */ = {
			isa = XCBuildConfiguration;
			baseConfigurationReference = 29F601C94738B91F85C5650D /* Pods-SwifterTips.release.xcconfig */;
			buildSettings = {
				ASSETCATALOG_COMPILER_APPICON_NAME = AppIcon;
				CODE_SIGN_STYLE = Automatic;
				DEVELOPMENT_TEAM = DCBW8CKASN;
				INFOPLIST_FILE = "$(SRCROOT)/SwifterTips/Resource/Info.plist";
				LD_RUNPATH_SEARCH_PATHS = (
					"$(inherited)",
					"@executable_path/Frameworks",
				);
				PRODUCT_BUNDLE_IDENTIFIER = com.kuroky.SwifterTips;
				PRODUCT_NAME = "$(TARGET_NAME)";
				SWIFT_VERSION = 4.0;
				TARGETED_DEVICE_FAMILY = "1,2";
			};
			name = Release;
		};
/* End XCBuildConfiguration section */

/* Begin XCConfigurationList section */
		5B92E6A9212FBC5800812E4F /* Build configuration list for PBXProject "SwifterTips" */ = {
			isa = XCConfigurationList;
			buildConfigurations = (
				5B92E6BE212FBC5900812E4F /* Debug */,
				5B92E6BF212FBC5900812E4F /* Release */,
			);
			defaultConfigurationIsVisible = 0;
			defaultConfigurationName = Release;
		};
		5B92E6C0212FBC5900812E4F /* Build configuration list for PBXNativeTarget "SwifterTips" */ = {
			isa = XCConfigurationList;
			buildConfigurations = (
				5B92E6C1212FBC5900812E4F /* Debug */,
				5B92E6C2212FBC5900812E4F /* Release */,
			);
			defaultConfigurationIsVisible = 0;
			defaultConfigurationName = Release;
		};
/* End XCConfigurationList section */
	};
	rootObject = 5B92E6A6212FBC5800812E4F /* Project object */;
}
